
Microsoft Visual Studio Solution File, Format Version 12.00
# Visual Studio Version 17
VisualStudioVersion = 17.6.33723.286
MinimumVisualStudioVersion = 10.0.40219.1
Project("{FAE04EC0-301F-11D3-BF4B-00C04F79EFBC}") = "rabbitmq", "rabbitmq.csproj", "{3AD4CEDA-A85E-4329-A203-5183829FDE5F}"
EndProject
Project("{FAE04EC0-301F-11D3-BF4B-00C04F79EFBC}") = "rabbitreceiver1", "..\rabbitreceiver1\rabbitreceiver1.csproj", "{80CC433F-F6A0-45AA-AA12-265256E9C5E1}"
EndProject
Project("{FAE04EC0-301F-11D3-BF4B-00C04F79EFBC}") = "RabbitReceiver2", "..\RabbitReceiver2\RabbitReceiver2.csproj", "{C79D6CED-B568-46BB-9317-6D23C298C0F5}"
EndProject
Global
	GlobalSection(SolutionConfigurationPlatforms) = preSolution
		Debug|Any CPU = Debug|Any CPU
		Release|Any CPU = Release|Any CPU
	EndGlobalSection
	GlobalSection(ProjectConfigurationPlatforms) = postSolution
		{3AD4CEDA-A85E-4329-A203-5183829FDE5F}.Debug|Any CPU.ActiveCfg = Debug|Any CPU
		{3AD4CEDA-A85E-4329-A203-5183829FDE5F}.Debug|Any CPU.Build.0 = Debug|Any CPU
		{3AD4CEDA-A85E-4329-A203-5183829FDE5F}.Release|Any CPU.ActiveCfg = Release|Any CPU
		{3AD4CEDA-A85E-4329-A203-5183829FDE5F}.Release|Any CPU.Build.0 = Release|Any CPU
		{80CC433F-F6A0-45AA-AA12-265256E9C5E1}.Debug|Any CPU.ActiveCfg = Debug|Any CPU
		{80CC433F-F6A0-45AA-AA12-265256E9C5E1}.Debug|Any CPU.Build.0 = Debug|Any CPU
		{80CC433F-F6A0-45AA-AA12-265256E9C5E1}.Release|Any CPU.ActiveCfg = Release|Any CPU
		{80CC433F-F6A0-45AA-AA12-265256E9C5E1}.Release|Any CPU.Build.0 = Release|Any CPU
		{C79D6CED-B568-46BB-9317-6D23C298C0F5}.Debug|Any CPU.ActiveCfg = Debug|Any CPU
		{C79D6CED-B568-46BB-9317-6D23C298C0F5}.Debug|Any CPU.Build.0 = Debug|Any CPU
		{C79D6CED-B568-46BB-9317-6D23C298C0F5}.Release|Any CPU.ActiveCfg = Release|Any CPU
		{C79D6CED-B568-46BB-9317-6D23C298C0F5}.Release|Any CPU.Build.0 = Release|Any CPU
	EndGlobalSection
	GlobalSection(SolutionProperties) = preSolution
		HideSolutionNode = FALSE
	EndGlobalSection
	GlobalSection(ExtensibilityGlobals) = postSolution
		SolutionGuid = {860396C2-9119-42F5-9543-B784B21BE037}
	EndGlobalSection
EndGlobal
